
Microsoft Visual Studio Solution File, Format Version 12.00
# Visual Studio Version 17
VisualStudioVersion = 17.5.33103.201
MinimumVisualStudioVersion = 10.0.40219.1
Project("{FAE04EC0-301F-11D3-BF4B-00C04F79EFBC}") = "PollyTester", "PollyTester\PollyTester.csproj", "{AFA718C6-ED3F-4014-96B6-E212BB4FC6BF}"
EndProject
Global
	GlobalSection(SolutionConfigurationPlatforms) = preSolution
		Debug|Any CPU = Debug|Any CPU
		Release|Any CPU = Release|Any CPU
	EndGlobalSection
	GlobalSection(ProjectConfigurationPlatforms) = postSolution
		{AFA718C6-ED3F-4014-96B6-E212BB4FC6BF}.Debug|Any CPU.ActiveCfg = Debug|Any CPU
		{AFA718C6-ED3F-4014-96B6-E212BB4FC6BF}.Debug|Any CPU.Build.0 = Debug|Any CPU
		{AFA718C6-ED3F-4014-96B6-E212BB4FC6BF}.Release|Any CPU.ActiveCfg = Release|Any CPU
		{AFA718C6-ED3F-4014-96B6-E212BB4FC6BF}.Release|Any CPU.Build.0 = Release|Any CPU
	EndGlobalSection
	GlobalSection(SolutionProperties) = preSolution
		HideSolutionNode = FALSE
	EndGlobalSection
	GlobalSection(ExtensibilityGlobals) = postSolution
		SolutionGuid = {C6B0139C-66B6-442A-9F07-C3DDA2683262}
	EndGlobalSection
EndGlobal
