
Microsoft Visual Studio Solution File, Format Version 12.00
# Visual Studio Version 17
VisualStudioVersion = 17.0.32014.148
MinimumVisualStudioVersion = 10.0.40219.1
Project("{FAE04EC0-301F-11D3-BF4B-00C04F79EFBC}") = "Parallel-FEA-Consumer", "Parallel-FEA-Consumer\Parallel-FEA-Consumer.csproj", "{223EE5F7-F313-4C0E-912C-9F91904855FC}"
EndProject
Global
	GlobalSection(SolutionConfigurationPlatforms) = preSolution
		Debug|Any CPU = Debug|Any CPU
		Release|Any CPU = Release|Any CPU
	EndGlobalSection
	GlobalSection(ProjectConfigurationPlatforms) = postSolution
		{223EE5F7-F313-4C0E-912C-9F91904855FC}.Debug|Any CPU.ActiveCfg = Debug|Any CPU
		{223EE5F7-F313-4C0E-912C-9F91904855FC}.Debug|Any CPU.Build.0 = Debug|Any CPU
		{223EE5F7-F313-4C0E-912C-9F91904855FC}.Release|Any CPU.ActiveCfg = Release|Any CPU
		{223EE5F7-F313-4C0E-912C-9F91904855FC}.Release|Any CPU.Build.0 = Release|Any CPU
	EndGlobalSection
	GlobalSection(SolutionProperties) = preSolution
		HideSolutionNode = FALSE
	EndGlobalSection
	GlobalSection(ExtensibilityGlobals) = postSolution
		SolutionGuid = {ADE5DADD-5D1F-4DA3-BB17-7D30BA2B3D45}
	EndGlobalSection
EndGlobal
