
Microsoft Visual Studio Solution File, Format Version 12.00
# Visual Studio Version 17
VisualStudioVersion = 17.0.31612.314
MinimumVisualStudioVersion = 10.0.40219.1
Project("{9A19103F-16F7-4668-BE54-9A1E7A4F7556}") = "producer", "producer\producer.csproj", "{53034F61-E411-4CEE-88B5-22AAD8801325}"
EndProject
Project("{9A19103F-16F7-4668-BE54-9A1E7A4F7556}") = "consumer", "consumer\consumer.csproj", "{12541ED1-41B2-4FCD-A791-EE76FFDF044D}"
EndProject
Project("{E53339B2-1760-4266-BCC7-CA923CBCF16C}") = "docker-compose", "docker-compose.dcproj", "{4358F9A2-2B5B-456F-96CE-38DC700F4D2B}"
EndProject
Global
	GlobalSection(SolutionConfigurationPlatforms) = preSolution
		Debug|Any CPU = Debug|Any CPU
		Release|Any CPU = Release|Any CPU
	EndGlobalSection
	GlobalSection(ProjectConfigurationPlatforms) = postSolution
		{53034F61-E411-4CEE-88B5-22AAD8801325}.Debug|Any CPU.ActiveCfg = Debug|Any CPU
		{53034F61-E411-4CEE-88B5-22AAD8801325}.Debug|Any CPU.Build.0 = Debug|Any CPU
		{53034F61-E411-4CEE-88B5-22AAD8801325}.Release|Any CPU.ActiveCfg = Release|Any CPU
		{53034F61-E411-4CEE-88B5-22AAD8801325}.Release|Any CPU.Build.0 = Release|Any CPU
		{12541ED1-41B2-4FCD-A791-EE76FFDF044D}.Debug|Any CPU.ActiveCfg = Debug|Any CPU
		{12541ED1-41B2-4FCD-A791-EE76FFDF044D}.Debug|Any CPU.Build.0 = Debug|Any CPU
		{12541ED1-41B2-4FCD-A791-EE76FFDF044D}.Release|Any CPU.ActiveCfg = Release|Any CPU
		{12541ED1-41B2-4FCD-A791-EE76FFDF044D}.Release|Any CPU.Build.0 = Release|Any CPU
		{4358F9A2-2B5B-456F-96CE-38DC700F4D2B}.Debug|Any CPU.ActiveCfg = Debug|Any CPU
		{4358F9A2-2B5B-456F-96CE-38DC700F4D2B}.Debug|Any CPU.Build.0 = Debug|Any CPU
		{4358F9A2-2B5B-456F-96CE-38DC700F4D2B}.Release|Any CPU.ActiveCfg = Release|Any CPU
		{4358F9A2-2B5B-456F-96CE-38DC700F4D2B}.Release|Any CPU.Build.0 = Release|Any CPU
	EndGlobalSection
	GlobalSection(SolutionProperties) = preSolution
		HideSolutionNode = FALSE
	EndGlobalSection
	GlobalSection(ExtensibilityGlobals) = postSolution
		SolutionGuid = {94138A30-FFA1-43D2-BF18-1C4B8234AE83}
	EndGlobalSection
EndGlobal
